github.com/gorilla/mux v1.8.0 h1:i40aqfkR1h2SlN9hojwV5ZA91wcXFOvkdNIeFDP5koI=
github.com/gorilla/mux v1.8.0/go.mod h1:DVbg23sWSpFRCP0SfiEN6jmj59UnW/n46BH5rLB71So=
github.com/rwestlund/gotex v0.0.0-20170412080108-3c68d9bfff3b h1:8h8zM6cvKacR9ytPSs1k0BGfUsXeOdEu+by82F1ooHY=
github.com/rwestlund/gotex v0.0.0-20170412080108-3c68d9bfff3b/go.mod h1:eMwKfukmxmiMHwKmz8LHWprZSVlzcHBGy2TSb+pBcDg=
